{
  "name": "hello-react",
  "version": "0.1.0",
  "lockfileVersion": 1,
  "requires": true,
  "dependencies": {
    "jquery": {
      "version": "3.2.1",
      "resolved": "http://registry.npm.taobao.org/jquery/download/jquery-3.2.1.tgz",
      "integrity": "sha1-XE2d5lKvbNCncBVKYxu6ErAVx4c="
    },
    "react": {
      "version": "16.1.1",
      "resolved": "http://registry.npm.taobao.org/react/download/react-16.1.1.tgz",
      "integrity": "sha1-1cTveVUH4wEigt1RJh/5wOgk/h8="
    },
    "react-dom": {
      "version": "16.1.1",
      "resolved": "http://registry.npm.taobao.org/react-dom/download/react-dom-16.1.1.tgz",
      "integrity": "sha1-suMxttdS+vGi0xOZlpOZpB2NRfg="
    },
    "react-scripts": {
      "version": "1.0.17",
      "resolved": "http://registry.npm.taobao.org/react-scripts/download/react-scripts-1.0.17.tgz",
      "integrity": "sha1-wwApEjtWGgYCJ69Nd5fVCiItP78=",
      "dependencies": {
        "promise": {
          "version": "8.0.1",
          "resolved": "http://registry.npm.taobao.org/promise/download/promise-8.0.1.tgz",
          "integrity": "sha1-5F1osAoXZHttpxG/he1u1HII9FA="
        }
      }
    },
    "uniq": {
      "version": "1.0.1",
      "resolved": "http://registry.npm.taobao.org/uniq/download/uniq-1.0.1.tgz",
      "integrity": "sha1-sxxa6CVIRKOoKBVBzisEuGWnNP8="
    }
  }
}
