{
  "name": "hello-ajax",
  "version": "0.1.0",
  "lockfileVersion": 1,
  "requires": true,
  "dependencies": {
    "axios": {
      "version": "0.21.1",
      "resolved": "https://registry.npmjs.org/axios/-/axios-0.21.1.tgz",
      "integrity": "sha512-dKQiRHxGD9PPRIUNIWvZhPTPpl1rf/OxTYKsqKUDjBwYylTvV7SjSHJb9ratfyzM6wCdLCOYLzs73qpg5c4iGA==",
      "requires": {
        "follow-redirects": "^1.10.0"
      },
      "dependencies": {
        "follow-redirects": {
          "version": "1.13.1",
          "resolved": "https://registry.npmjs.org/follow-redirects/-/follow-redirects-1.13.1.tgz",
          "integrity": "sha512-SSG5xmZh1mkPGyKzjZP8zLjltIfpW32Y5QpdNJyjcfGxK3qo3NDDkZOZSFiGn1A6SclQxY9GzEwAHQ3dmYRWpg=="
        }
      }
    },
    "react": {
      "version": "16.1.1",
      "resolved": "http://registry.npm.taobao.org/react/download/react-16.1.1.tgz",
      "integrity": "sha1-1cTveVUH4wEigt1RJh/5wOgk/h8="
    },
    "react-dom": {
      "version": "16.1.1",
      "resolved": "http://registry.npm.taobao.org/react-dom/download/react-dom-16.1.1.tgz",
      "integrity": "sha1-suMxttdS+vGi0xOZlpOZpB2NRfg="
    },
    "react-scripts": {
      "version": "1.0.17",
      "resolved": "http://registry.npm.taobao.org/react-scripts/download/react-scripts-1.0.17.tgz",
      "integrity": "sha1-wwApEjtWGgYCJ69Nd5fVCiItP78=",
      "dependencies": {
        "promise": {
          "version": "8.0.1",
          "resolved": "http://registry.npm.taobao.org/promise/download/promise-8.0.1.tgz",
          "integrity": "sha1-5F1osAoXZHttpxG/he1u1HII9FA="
        }
      }
    }
  }
}
